<?xml version="1.0" encoding="utf-8"?>
<Project ToolsVersion="4.0" xmlns="http://schemas.microsoft.com/developer/msbuild/2003">
  <ItemGroup>
    <Filter Include="baseApp">
      <UniqueIdentifier>{E1CB2866-4DAB-A701-56C3-32D8C2210E63}</UniqueIdentifier>
    </Filter>
    <Filter Include="baseApp\configure tasks">
      <UniqueIdentifier>{389726B4-A4CE-6E4B-ADD8-D26E198F9544}</UniqueIdentifier>
    </Filter>
    <Filter Include="generation">
      <UniqueIdentifier>{B11313BF-9DCB-540C-06D3-2D68F2A9EFFC}</UniqueIdentifier>
    </Filter>
    <Filter Include="generation\managment">
      <UniqueIdentifier>{186E8EE2-04FD-17AC-AD1B-2CA799892852}</UniqueIdentifier>
    </Filter>
    <Filter Include="generation\systems">
      <UniqueIdentifier>{D822A2FF-C406-6355-2D67-5DA8196A4DD7}</UniqueIdentifier>
    </Filter>
    <Filter Include="underlingSystems">
      <UniqueIdentifier>{6543E7DB-513C-062E-7A6E-EBB266C6E539}</UniqueIdentifier>
    </Filter>
    <Filter Include="underlingSystems\elevation">
      <UniqueIdentifier>{9BF390E1-8703-3DB2-F0BC-A1D0DCEB2B4B}</UniqueIdentifier>
    </Filter>
    <Filter Include="underlingSystems\osmFetching">
      <UniqueIdentifier>{4B738966-372E-7912-E0E5-F15CCC7FC3A2}</UniqueIdentifier>
    </Filter>
  </ItemGroup>
  <ItemGroup>
    <ClInclude Include="src\baseApp\MeshGenConfig.h">
      <Filter>baseApp</Filter>
    </ClInclude>
    <ClInclude Include="src\baseApp\SunriseWorldGenApp.h">
      <Filter>baseApp</Filter>
    </ClInclude>
    <ClInclude Include="src\baseApp\configure tasks\ConfigureTasksScript.h">
      <Filter>baseApp\configure tasks</Filter>
    </ClInclude>
    <ClInclude Include="src\generation\GenerationStatistics.h">
      <Filter>generation</Filter>
    </ClInclude>
    <ClInclude Include="src\generation\GenerationSystem.h">
      <Filter>generation</Filter>
    </ClInclude>
    <ClInclude Include="src\generation\creator.h">
      <Filter>generation</Filter>
    </ClInclude>
    <ClInclude Include="src\generation\managment\GenerationLodInformer.h">
      <Filter>generation\managment</Filter>
    </ClInclude>
    <ClInclude Include="src\generation\systems\RoadCreator.h">
      <Filter>generation\systems</Filter>
    </ClInclude>
    <ClInclude Include="src\generation\systems\buildingCreator.h">
      <Filter>generation\systems</Filter>
    </ClInclude>
    <ClInclude Include="src\generation\systems\groundCreator.h">
      <Filter>generation\systems</Filter>
    </ClInclude>
    <ClInclude Include="src\mgpch.h" />
    <ClInclude Include="src\underlingSystems\ShapeFileSystem.h">
      <Filter>underlingSystems</Filter>
    </ClInclude>
    <ClInclude Include="src\underlingSystems\elevation\ElevationFetcher.h">
      <Filter>underlingSystems\elevation</Filter>
    </ClInclude>
    <ClInclude Include="src\underlingSystems\osmFetching\OsmAttributeFetcher.h">
      <Filter>underlingSystems\osmFetching</Filter>
    </ClInclude>
    <ClInclude Include="src\underlingSystems\osmFetching\OsmFetcher.h">
      <Filter>underlingSystems\osmFetching</Filter>
    </ClInclude>
    <ClInclude Include="src\underlingSystems\osmFetching\osm.h">
      <Filter>underlingSystems\osmFetching</Filter>
    </ClInclude>
  </ItemGroup>
  <ItemGroup>
    <ClCompile Include="src\baseApp\MeshGenConfig.cpp">
      <Filter>baseApp</Filter>
    </ClCompile>
    <ClCompile Include="src\baseApp\SunriseWorldGenApp.cpp">
      <Filter>baseApp</Filter>
    </ClCompile>
    <ClCompile Include="src\baseApp\configure tasks\ConfigureTasksScript.cpp">
      <Filter>baseApp\configure tasks</Filter>
    </ClCompile>
    <ClCompile Include="src\generation\GenerationStatistics.cpp">
      <Filter>generation</Filter>
    </ClCompile>
    <ClCompile Include="src\generation\GenerationSystem.cpp">
      <Filter>generation</Filter>
    </ClCompile>
    <ClCompile Include="src\generation\creator.cpp">
      <Filter>generation</Filter>
    </ClCompile>
    <ClCompile Include="src\generation\managment\GenerationLodInformer.cpp">
      <Filter>generation\managment</Filter>
    </ClCompile>
    <ClCompile Include="src\generation\systems\RoadCreator.cpp">
      <Filter>generation\systems</Filter>
    </ClCompile>
    <ClCompile Include="src\generation\systems\buildingCreator.cpp">
      <Filter>generation\systems</Filter>
    </ClCompile>
    <ClCompile Include="src\generation\systems\groundCreator.cpp">
      <Filter>generation\systems</Filter>
    </ClCompile>
    <ClCompile Include="src\main.cpp" />
    <ClCompile Include="src\mgpch.cpp" />
    <ClCompile Include="src\underlingSystems\ShapeFileSystem.cpp">
      <Filter>underlingSystems</Filter>
    </ClCompile>
    <ClCompile Include="src\underlingSystems\elevation\ElevationFetcher.cpp">
      <Filter>underlingSystems\elevation</Filter>
    </ClCompile>
    <ClCompile Include="src\underlingSystems\osmFetching\OsmAttributeFetcher.cpp">
      <Filter>underlingSystems\osmFetching</Filter>
    </ClCompile>
    <ClCompile Include="src\underlingSystems\osmFetching\OsmFetcher.cpp">
      <Filter>underlingSystems\osmFetching</Filter>
    </ClCompile>
    <ClCompile Include="src\underlingSystems\osmFetching\osm.cpp">
      <Filter>underlingSystems\osmFetching</Filter>
    </ClCompile>
  </ItemGroup>
</Project>