<?xml version="1.0" encoding="utf-8"?>
<Project ToolsVersion="4.0" xmlns="http://schemas.microsoft.com/developer/msbuild/2003">
  <ItemGroup>
    <Filter Include="extern">
      <UniqueIdentifier>{7BE134FC-6783-5FD2-503E-73263C7FE622}</UniqueIdentifier>
    </Filter>
    <Filter Include="extern\Sunrise">
      <UniqueIdentifier>{735E7AB5-5F2C-6EBB-48C0-DEE1342D4A20}</UniqueIdentifier>
    </Filter>
    <Filter Include="extern\Sunrise\src">
      <UniqueIdentifier>{0A1EB68F-F601-77E5-5F62-71384B656167}</UniqueIdentifier>
    </Filter>
    <Filter Include="extern\Sunrise\src\Sunrise">
      <UniqueIdentifier>{02BAFA75-EEC9-A646-5783-0B6543B295DF}</UniqueIdentifier>
    </Filter>
    <Filter Include="extern\Sunrise\src\Sunrise\Sunrise">
      <UniqueIdentifier>{FACD3791-E609-3BFB-4F1C-53F23B77E315}</UniqueIdentifier>
    </Filter>
    <Filter Include="extern\Sunrise\src\Sunrise\Sunrise\graphics">
      <UniqueIdentifier>{9A8BCEEA-06F1-6171-8FC9-034AFB2D57E0}</UniqueIdentifier>
    </Filter>
    <Filter Include="extern\Sunrise\src\Sunrise\Sunrise\graphics\shaders">
      <UniqueIdentifier>{9342316B-FF53-D911-88A5-6B51F4B5624B}</UniqueIdentifier>
    </Filter>
    <Filter Include="src">
      <UniqueIdentifier>{2DAB880B-99B4-887C-2230-9F7C8E38947C}</UniqueIdentifier>
    </Filter>
    <Filter Include="src\baseApp">
      <UniqueIdentifier>{F8CB626F-6481-DB64-ED75-D53B592AD268}</UniqueIdentifier>
    </Filter>
    <Filter Include="src\baseApp\configure tasks">
      <UniqueIdentifier>{4FE5F322-BBF2-2109-44D9-1DF4B0E5EDBF}</UniqueIdentifier>
    </Filter>
    <Filter Include="src\baseApp\ui">
      <UniqueIdentifier>{65C0FB3B-518E-EF41-3A22-6068268FCBA6}</UniqueIdentifier>
    </Filter>
    <Filter Include="src\generation">
      <UniqueIdentifier>{68B019F6-547E-0DFC-3D12-7E22297FE960}</UniqueIdentifier>
    </Filter>
    <Filter Include="src\generation\managment">
      <UniqueIdentifier>{8F9BCDEC-7BC0-1C6D-A40B-02FD908F1B8B}</UniqueIdentifier>
    </Filter>
    <Filter Include="src\generation\systems">
      <UniqueIdentifier>{8F8679F6-7B80-A248-64ED-3859508608B5}</UniqueIdentifier>
    </Filter>
    <Filter Include="src\testingScenes">
      <UniqueIdentifier>{DB4C8BF5-4763-898B-90DA-14ADFC2F5A13}</UniqueIdentifier>
    </Filter>
    <Filter Include="src\testingScenes\systems">
      <UniqueIdentifier>{02E6ADFF-6EA8-E189-B758-7016235ABA67}</UniqueIdentifier>
    </Filter>
    <Filter Include="src\underlingSystems">
      <UniqueIdentifier>{5C4D5443-48DC-DD0C-F1FA-F107DD68EEB2}</UniqueIdentifier>
    </Filter>
    <Filter Include="src\underlingSystems\elevation">
      <UniqueIdentifier>{521E1024-3E44-DA8A-278A-5F56134FFF56}</UniqueIdentifier>
    </Filter>
    <Filter Include="src\underlingSystems\osmFetching">
      <UniqueIdentifier>{C2277E45-AE78-6987-D7DC-5749C38CFCF0}</UniqueIdentifier>
    </Filter>
  </ItemGroup>
  <ItemGroup>
    <ClInclude Include="src\baseApp\MeshGenConfig.h">
      <Filter>src\baseApp</Filter>
    </ClInclude>
    <ClInclude Include="src\baseApp\SunriseWorldGenApp.h">
      <Filter>src\baseApp</Filter>
    </ClInclude>
    <ClInclude Include="src\baseApp\configure tasks\ConfigureTasksScript.h">
      <Filter>src\baseApp\configure tasks</Filter>
    </ClInclude>
    <ClInclude Include="src\baseApp\ui\MainMeshGenUIScene.h">
      <Filter>src\baseApp\ui</Filter>
    </ClInclude>
    <ClInclude Include="src\generation\GenerationHelpers.h">
      <Filter>src\generation</Filter>
    </ClInclude>
    <ClInclude Include="src\generation\GenerationStatistics.h">
      <Filter>src\generation</Filter>
    </ClInclude>
    <ClInclude Include="src\generation\GenerationSystem.h">
      <Filter>src\generation</Filter>
    </ClInclude>
    <ClInclude Include="src\generation\creator.h">
      <Filter>src\generation</Filter>
    </ClInclude>
    <ClInclude Include="src\generation\managment\GenerationLodInformer.h">
      <Filter>src\generation\managment</Filter>
    </ClInclude>
    <ClInclude Include="src\generation\systems\AirportCreator.h">
      <Filter>src\generation\systems</Filter>
    </ClInclude>
    <ClInclude Include="src\generation\systems\RoadCreator.h">
      <Filter>src\generation\systems</Filter>
    </ClInclude>
    <ClInclude Include="src\generation\systems\buildingCreator.h">
      <Filter>src\generation\systems</Filter>
    </ClInclude>
    <ClInclude Include="src\generation\systems\groundCreator.h">
      <Filter>src\generation\systems</Filter>
    </ClInclude>
    <ClInclude Include="src\mgpch.h">
      <Filter>src</Filter>
    </ClInclude>
    <ClInclude Include="src\testingScenes\DemoScene1.h">
      <Filter>src\testingScenes</Filter>
    </ClInclude>
    <ClInclude Include="src\testingScenes\systems\SimpleCameraMovement.h">
      <Filter>src\testingScenes\systems</Filter>
    </ClInclude>
    <ClInclude Include="src\underlingSystems\ShapeFileSystem.h">
      <Filter>src\underlingSystems</Filter>
    </ClInclude>
    <ClInclude Include="src\underlingSystems\elevation\ElevationFetcher.h">
      <Filter>src\underlingSystems\elevation</Filter>
    </ClInclude>
    <ClInclude Include="src\underlingSystems\osmFetching\OsmAttributeFetcher.h">
      <Filter>src\underlingSystems\osmFetching</Filter>
    </ClInclude>
    <ClInclude Include="src\underlingSystems\osmFetching\OsmFetcher.h">
      <Filter>src\underlingSystems\osmFetching</Filter>
    </ClInclude>
    <ClInclude Include="src\underlingSystems\osmFetching\osm.h">
      <Filter>src\underlingSystems\osmFetching</Filter>
    </ClInclude>
    <ClInclude Include="src\test\TestMGPUScene.h" />
  </ItemGroup>
  <ItemGroup>
    <ClCompile Include="src\baseApp\MeshGenConfig.cpp">
      <Filter>src\baseApp</Filter>
    </ClCompile>
    <ClCompile Include="src\baseApp\SunriseWorldGenApp.cpp">
      <Filter>src\baseApp</Filter>
    </ClCompile>
    <ClCompile Include="src\baseApp\configure tasks\ConfigureTasksScript.cpp">
      <Filter>src\baseApp\configure tasks</Filter>
    </ClCompile>
    <ClCompile Include="src\baseApp\ui\MainMeshGenUIScene.cpp">
      <Filter>src\baseApp\ui</Filter>
    </ClCompile>
    <ClCompile Include="src\generation\GenerationHelpers.cpp">
      <Filter>src\generation</Filter>
    </ClCompile>
    <ClCompile Include="src\generation\GenerationStatistics.cpp">
      <Filter>src\generation</Filter>
    </ClCompile>
    <ClCompile Include="src\generation\GenerationSystem.cpp">
      <Filter>src\generation</Filter>
    </ClCompile>
    <ClCompile Include="src\generation\creator.cpp">
      <Filter>src\generation</Filter>
    </ClCompile>
    <ClCompile Include="src\generation\managment\GenerationLodInformer.cpp">
      <Filter>src\generation\managment</Filter>
    </ClCompile>
    <ClCompile Include="src\generation\systems\AirportCreator.cpp">
      <Filter>src\generation\systems</Filter>
    </ClCompile>
    <ClCompile Include="src\generation\systems\RoadCreator.cpp">
      <Filter>src\generation\systems</Filter>
    </ClCompile>
    <ClCompile Include="src\generation\systems\buildingCreator.cpp">
      <Filter>src\generation\systems</Filter>
    </ClCompile>
    <ClCompile Include="src\generation\systems\groundCreator.cpp">
      <Filter>src\generation\systems</Filter>
    </ClCompile>
    <ClCompile Include="src\main.cpp">
      <Filter>src</Filter>
    </ClCompile>
    <ClCompile Include="src\mgpch.cpp">
      <Filter>src</Filter>
    </ClCompile>
    <ClCompile Include="src\testingScenes\DemoScene1.cpp">
      <Filter>src\testingScenes</Filter>
    </ClCompile>
    <ClCompile Include="src\testingScenes\systems\SimpleCameraMovement.cpp">
      <Filter>src\testingScenes\systems</Filter>
    </ClCompile>
    <ClCompile Include="src\underlingSystems\ShapeFileSystem.cpp">
      <Filter>src\underlingSystems</Filter>
    </ClCompile>
    <ClCompile Include="src\underlingSystems\elevation\ElevationFetcher.cpp">
      <Filter>src\underlingSystems\elevation</Filter>
    </ClCompile>
    <ClCompile Include="src\underlingSystems\osmFetching\OsmAttributeFetcher.cpp">
      <Filter>src\underlingSystems\osmFetching</Filter>
    </ClCompile>
    <ClCompile Include="src\underlingSystems\osmFetching\OsmFetcher.cpp">
      <Filter>src\underlingSystems\osmFetching</Filter>
    </ClCompile>
    <ClCompile Include="src\underlingSystems\osmFetching\osm.cpp">
      <Filter>src\underlingSystems\osmFetching</Filter>
    </ClCompile>
    <ClCompile Include="src\test\TestMGPUScene.cpp" />
  </ItemGroup>
  <ItemGroup>
    <CustomBuild Include="extern\Sunrise\src\Sunrise\Sunrise\graphics\shaders\GBuffer.frag">
      <Filter>extern\Sunrise\src\Sunrise\Sunrise\graphics\shaders</Filter>
    </CustomBuild>
    <CustomBuild Include="extern\Sunrise\src\Sunrise\Sunrise\graphics\shaders\GBuffer.vert">
      <Filter>extern\Sunrise\src\Sunrise\Sunrise\graphics\shaders</Filter>
    </CustomBuild>
    <CustomBuild Include="extern\Sunrise\src\Sunrise\Sunrise\graphics\shaders\gpuGenCommands.comp">
      <Filter>extern\Sunrise\src\Sunrise\Sunrise\graphics\shaders</Filter>
    </CustomBuild>
    <CustomBuild Include="extern\Sunrise\src\Sunrise\Sunrise\graphics\shaders\terrain.frag">
      <Filter>extern\Sunrise\src\Sunrise\Sunrise\graphics\shaders</Filter>
    </CustomBuild>
    <CustomBuild Include="extern\Sunrise\src\Sunrise\Sunrise\graphics\shaders\terrain.vert">
      <Filter>extern\Sunrise\src\Sunrise\Sunrise\graphics\shaders</Filter>
    </CustomBuild>
    <CustomBuild Include="extern\Sunrise\src\Sunrise\Sunrise\graphics\shaders\triangle.frag">
      <Filter>extern\Sunrise\src\Sunrise\Sunrise\graphics\shaders</Filter>
    </CustomBuild>
    <CustomBuild Include="extern\Sunrise\src\Sunrise\Sunrise\graphics\shaders\triangle.vert">
      <Filter>extern\Sunrise\src\Sunrise\Sunrise\graphics\shaders</Filter>
    </CustomBuild>
  </ItemGroup>
</Project>