<?xml version="1.0" encoding="utf-8"?>
<Project ToolsVersion="4.0" xmlns="http://schemas.microsoft.com/developer/msbuild/2003">
  <ItemGroup>
    <Filter Include="baseApp">
      <UniqueIdentifier>{E1CB2866-4DAB-A701-56C3-32D8C2210E63}</UniqueIdentifier>
    </Filter>
  </ItemGroup>
  <ItemGroup>
    <ClInclude Include="src\baseApp\SunriseWorldGenApp.h">
      <Filter>baseApp</Filter>
    </ClInclude>
  </ItemGroup>
  <ItemGroup>
    <ClCompile Include="src\baseApp\SunriseWorldGenApp.cpp">
      <Filter>baseApp</Filter>
    </ClCompile>
    <ClCompile Include="src\main.cpp" />
  </ItemGroup>
</Project>